
Microsoft Visual Studio Solution File, Format Version 12.00
# Visual Studio 14
VisualStudioVersion = 14.0.24720.0
MinimumVisualStudioVersion = 10.0.40219.1
Project("{8BC9CEB8-8B4A-11D0-8D11-00A0C91BC942}") = "AudioPleer", "practice_FINDREPLACE\practice_FINDREPLACE.vcxproj", "{38C7C15F-C8FE-4816-BC6D-BCEC0DB03B62}"
EndProject
Global
	GlobalSection(SolutionConfigurationPlatforms) = preSolution
		Debug|Win32 = Debug|Win32
		Release|Win32 = Release|Win32
	EndGlobalSection
	GlobalSection(ProjectConfigurationPlatforms) = postSolution
		{38C7C15F-C8FE-4816-BC6D-BCEC0DB03B62}.Debug|Win32.ActiveCfg = Debug|Win32
		{38C7C15F-C8FE-4816-BC6D-BCEC0DB03B62}.Debug|Win32.Build.0 = Debug|Win32
		{38C7C15F-C8FE-4816-BC6D-BCEC0DB03B62}.Release|Win32.ActiveCfg = Release|Win32
		{38C7C15F-C8FE-4816-BC6D-BCEC0DB03B62}.Release|Win32.Build.0 = Release|Win32
	EndGlobalSection
	GlobalSection(SolutionProperties) = preSolution
		HideSolutionNode = FALSE
	EndGlobalSection
EndGlobal
